{
  "name": "@fenbi/rangyinputs",
  "version": "1.0.4",
  "lockfileVersion": 1,
  "requires": true,
  "dependencies": {
    "@types/jquery": {
      "version": "3.2.16",
      "resolved": "http://npm.zhenguanyu.com/@types/jquery/download/@types/jquery-3.2.16.tgz",
      "integrity": "sha1-BEGcQEoxlDUOfT8zmpDnLIjbMRE=",
      "dev": true
    },
    "jquery": {
      "version": "3.2.1",
      "resolved": "http://npm.zhenguanyu.com/jquery/download/jquery-3.2.1.tgz",
      "integrity": "sha1-XE2d5lKvbNCncBVKYxu6ErAVx4c=",
      "dev": true
    },
    "typescript": {
      "version": "2.4.2",
      "resolved": "http://npm.zhenguanyu.com/typescript/download/typescript-2.4.2.tgz",
      "integrity": "sha1-+DlfhdRZJ2BnyYiqQYN6j4KHCEQ=",
      "dev": true
    }
  }
}
